{
  "version": "3",
  "redirects": {
    "https://deno.land/x/endofunctor/main.ts": "https://deno.land/x/endofunctor@v0.0.87/main.ts"
  },
  "remote": {
    "https://deno.land/x/endofunctor@v0.0.87/components/http/serve.ts": "786850ba316967e43c00ef0469dbb7e97247506c30d5276e41dd7e0f7ce46c0c",
    "https://deno.land/x/endofunctor@v0.0.87/components/http/src/cookieToToken/cookieToTokenBodyParser.ts": "2888bbc0847b540342a78f4c14749af941694c2ca34d9ae24fb3c04472753bef",
    "https://deno.land/x/endofunctor@v0.0.87/components/http/src/cookieToToken/cookieToTokenFilter.ts": "0cdfa4cea0495aa1ff20547e524994f39662510eafc3b1f83f86188cb3cce825",
    "https://deno.land/x/endofunctor@v0.0.87/components/http/src/cookieToToken/cookieToTokenGets.ts": "36781633ac4b949618ccae11cca03e45d634ae8e4b6461435310524525c7ad46",
    "https://deno.land/x/endofunctor@v0.0.87/components/http/src/cookieToToken/cookieToTokenMain.ts": "07cb1d72564de6dc218494af52fc7e6f5a43ef0f50b0f39c662b2731e3c111ec",
    "https://deno.land/x/endofunctor@v0.0.87/components/http/src/cookies/main.ts": "57785124b998352646f3e823a63e8a0e0d7aad7b310ed7d7a51f1e9b1018c230",
    "https://deno.land/x/endofunctor@v0.0.87/components/http/src/fold/foldMain.ts": "84df137ab56423739e0178792c66d40cb1fb10064f843848b467c4b4b88aa0ff",
    "https://deno.land/x/endofunctor@v0.0.87/components/http/src/framework/builder/atlas/main1.ts": "ff5eaa948966f245766950c91e89d4d6e42ae6d1320f47e0086b55e6476bd9f6",
    "https://deno.land/x/endofunctor@v0.0.87/components/http/src/framework/builder/atlas/map.ts": "09d0d04b15947484e6262d46fe7e69af4e865508b44938301ef8abbc8ec1db98",
    "https://deno.land/x/endofunctor@v0.0.87/components/http/src/framework/builder/atlas/splitter.ts": "a5ea7014bd1f79b87e29b9525d71c50ebf322a4132c59502e03771f9b1f11805",
    "https://deno.land/x/endofunctor@v0.0.87/components/http/src/framework/builder/composer/finderMethods.ts": "b93fc1274ae1aacc931399fa4981c9d8956d255a791c9b8b04876589c9ee4bb6",
    "https://deno.land/x/endofunctor@v0.0.87/components/http/src/framework/builder/composer/map.ts": "7d500ce62e9a80ccdd668a4f71251491f680b0a06540aacf7fb370c2555cf1b8",
    "https://deno.land/x/endofunctor@v0.0.87/components/http/src/framework/builder/composer/methods1.ts": "b479676fce0fa7c1287cc5ef90dbce965bf981817e875a9876fd4af607e7d943",
    "https://deno.land/x/endofunctor@v0.0.87/components/http/src/framework/builder/composer/parameters.ts": "95271b928a9d17098aeb700458ca808132d21f035245fb0dd556abf748801dd3",
    "https://deno.land/x/endofunctor@v0.0.87/components/http/src/framework/builder/composer/parser1.ts": "eaba8f658c9d3d4368ac91fd9d4f11517071673407c379547c71959140484eea",
    "https://deno.land/x/endofunctor@v0.0.87/components/http/src/framework/builder/composer/types.ts": "ef3b89089315bbc0690ed0e7b624ef1084023896042bb0af853178c04a0a110b",
    "https://deno.land/x/endofunctor@v0.0.87/components/http/src/framework/builder/composer/validator.ts": "c86f43a6ff9e2125934f3ddcff6c047709a9a10e783d1dda6bac00558eed303a",
    "https://deno.land/x/endofunctor@v0.0.87/components/http/src/framework/builder/solver1.ts": "21f2eb04ea5d70956ca2da26ec927f156ca1c2c8cdcc5e1fbd8cb667eecbb006",
    "https://deno.land/x/endofunctor@v0.0.87/components/http/src/framework/builder/types.ts": "6870d23ec6fdd8009ae885218d26b8ecc726b5ec68ccdd479f670db3e0f67405",
    "https://deno.land/x/endofunctor@v0.0.87/components/http/src/framework/optimizer/aComposer.ts": "e259d7bcf1b20bcbd8f957354639bd04bb5324342524025951130f8e65f6adf6",
    "https://deno.land/x/endofunctor@v0.0.87/components/http/src/framework/optimizer/branch/main.ts": "ffdb94da1466466a8a148e88a15d4a6d464aebaf1d6a57adc77f164bcab9de55",
    "https://deno.land/x/endofunctor@v0.0.87/components/http/src/framework/optimizer/branch/table.ts": "4bdd0edb9f4efcab9badc818323160fea3ac3e21b2a5b5a018b479e1d19df9de",
    "https://deno.land/x/endofunctor@v0.0.87/components/http/src/framework/optimizer/branch/types.ts": "c2b032f166f35843edea16339214dd20c34c8593baf42684955c73df28e74b08",
    "https://deno.land/x/endofunctor@v0.0.87/components/http/src/framework/optimizer/checkAsync.ts": "6e08f6535b38dbab92a7db4900cf5f62f776df63ba4f6c8010699679a80b9125",
    "https://deno.land/x/endofunctor@v0.0.87/components/http/src/framework/optimizer/checkRead_Deno.ts": "c1a837055737d935b3f3ed56661c8181a514bcfcb928b6d68c02f034ae5379e6",
    "https://deno.land/x/endofunctor@v0.0.87/components/http/src/framework/optimizer/checker.ts": "5f9965d7fdaa81da546da015c5a419ad6d962b738cda7639682129dca35ec9ff",
    "https://deno.land/x/endofunctor@v0.0.87/components/http/src/framework/optimizer/nativeComponets.ts": "e3fe2d800055dd98a6ccce8437be42a389e3f508bff6fcea525870b571942ad4",
    "https://deno.land/x/endofunctor@v0.0.87/components/http/src/framework/optimizer/nativeMaps.ts": "82dea87c6280534eb3b6b62a3445112e5405e91baec40b5b9e44373193f9f2b6",
    "https://deno.land/x/endofunctor@v0.0.87/components/http/src/framework/optimizer/optimize.ts": "1f586509aefe398767920b54493f9e624be92cec1a68d58a1f8ff36a992ab19c",
    "https://deno.land/x/endofunctor@v0.0.87/components/http/src/framework/optimizer/recursiveCheckAsync.ts": "b549877ec68e47eaf675cf1fe16bdcf5843fd55aa448e6bfa6995cc72b9bf62d",
    "https://deno.land/x/endofunctor@v0.0.87/components/http/src/framework/optimizer/resolve/main.ts": "cf5306bbd0ee795c95ccbaa52ad1763d3450d7cbf14d7a93d0e000c186472aef",
    "https://deno.land/x/endofunctor@v0.0.87/components/http/src/framework/optimizer/resolve/table.ts": "b71857a50a47510398310f240a4b40681e248f35cbe3ea4d37077d44121e5317",
    "https://deno.land/x/endofunctor@v0.0.87/components/http/src/framework/optimizer/resolve/types.ts": "9145a7ff6f57599ca003c91b27072c00bf93f0639d0d79c81077b23390b39f5a",
    "https://deno.land/x/endofunctor@v0.0.87/components/http/src/framework/optimizer/response.ts": "fb5861484f8b380282462a5968f1406fbb2682485e306c89ea0612194da33c94",
    "https://deno.land/x/endofunctor@v0.0.87/components/http/src/framework/optimizer/staticFiles/composedPaths.ts": "2d7505ab678325cbb221004386fc410e7c14f8730936086b0133e22fec25868a",
    "https://deno.land/x/endofunctor@v0.0.87/components/http/src/framework/optimizer/staticFiles/getDir.ts": "e9c53a696e7912cf39c431165b3a248c3ba9c1b05e929662e4d8f19f953d56f5",
    "https://deno.land/x/endofunctor@v0.0.87/components/http/src/framework/optimizer/staticFiles/getMime.ts": "4c3f8a35ba8c3e751d346f42825482e6a425599235dc0e5605ed6ef3150cd3ff",
    "https://deno.land/x/endofunctor@v0.0.87/components/http/src/framework/optimizer/staticFiles/main.ts": "47eeab075ac2fa877492e3fa82f47cdbfdfa504acb77663e24ae1352b6ccfc8b",
    "https://deno.land/x/endofunctor@v0.0.87/components/http/src/framework/optimizer/staticFiles/mime.ts": "702c67db31f78072790d64a97398ebe486792a72205ef5ede1dac16182a6abff",
    "https://deno.land/x/endofunctor@v0.0.87/components/http/src/framework/optimizer/syncCheckDir.ts": "6c35f24d3fcf702ebdd4155610d3d1a1ff6e284194d88a282111d98bf63e3737",
    "https://deno.land/x/endofunctor@v0.0.87/components/http/src/framework/optimizer/syncCheckDir_Bun.ts": "cbf2f115141fb9fd84bb21068b2c55604e6faa49f3f6936e5a3684992bad0928",
    "https://deno.land/x/endofunctor@v0.0.87/components/http/src/framework/optimizer/tools/isUsing.ts": "4ee34d6e89795c17ee4f21ad2d0d98ba9fd879db73bf6a76ee79d782102756ec",
    "https://deno.land/x/endofunctor@v0.0.87/components/http/src/framework/optimizer/tools/parsingToHexa.ts": "8400a0d4039d8678c6955554c20b77016ba0679ddd7263b5c5d66340a5b2fda7",
    "https://deno.land/x/endofunctor@v0.0.87/components/http/src/framework/optimizer/types.ts": "56705234a418782f429b15e89e75d1d8a33bf41e7e46efcbb6bf9c1096fc8dbd",
    "https://deno.land/x/endofunctor@v0.0.87/components/http/src/optimizer/assertOptions.ts": "8b3a801dd543bb0cdd8f9748dfad689567f5b4abee7b7aab1ce2d33384de3a82",
    "https://deno.land/x/endofunctor@v0.0.87/components/http/src/optimizer/assertPlugin.ts": "23bf26a80d9389981f31c692c30214d24c3384471a3083370632b15b43ecd597",
    "https://deno.land/x/endofunctor@v0.0.87/components/http/src/optimizer/branchComposer.ts": "b03dac9cd47b873734890d3ddd82d27dfd24a8135413dfcb3a72c96cacd7c932",
    "https://deno.land/x/endofunctor@v0.0.87/components/http/src/optimizer/morphism.ts": "0d6c3b63c081ee14aaeec53d0d1b1bc27f3af2063becd9bbde1bd9210cf60019",
    "https://deno.land/x/endofunctor@v0.0.87/components/http/src/optimizer/resolveComposer.ts": "962e3f2208680523ea1993ddb84cc1fc126d41637bc888590838b72594578cfe",
    "https://deno.land/x/endofunctor@v0.0.87/components/http/src/parameters/finder.ts": "b281d139f4e3fd9f01212a66bfe8db0afd5a18344ab23871911e7f13156c6e7f",
    "https://deno.land/x/endofunctor@v0.0.87/components/http/src/parameters/main.ts": "8a455ef03c30af0ed5198f657a412bf348a7f48173bd4f881616731a7b8ce326",
    "https://deno.land/x/endofunctor@v0.0.87/components/http/src/parameters/map.ts": "87d25db3909b75d740e84d69e6fc3ec8c51844a9e2abea2bb98106f00a774e41",
    "https://deno.land/x/endofunctor@v0.0.87/components/http/src/parameters/multi.ts": "6da386560ca7a2930fe5b7392f38c1649824f15b11b459ae49d0572b4099c4a0",
    "https://deno.land/x/endofunctor@v0.0.87/components/http/src/parameters/one.ts": "ebe6adc4272a28f50ac6d96689274700b7f748641617f0cf23560ca59ba4629a",
    "https://deno.land/x/endofunctor@v0.0.87/components/http/src/parameters/slicer.ts": "c7bd51c94ad7098ca26f492e19a087333c9e5cc72827c46c5686341cf5bf568f",
    "https://deno.land/x/endofunctor@v0.0.87/components/http/src/parameters/types.ts": "0828381e14597cf659eda435281309871d0e9af1578b6db10d436a547a4bf423",
    "https://deno.land/x/endofunctor@v0.0.87/components/http/src/parameters/unique.ts": "bc5dee2f311b39f5fafe9041ed4df7d9e2f00353f23ad28ccbcaf2f9471e8899",
    "https://deno.land/x/endofunctor@v0.0.87/components/http/src/queries/common.ts": "88dc5baf9f9183515cd52b4fcfb416b4487b2c0bbffb3c16fb73bbfe7313db6c",
    "https://deno.land/x/endofunctor@v0.0.87/components/http/src/queries/elements.ts": "06d07925cd86257e29b74ae8106a064f39f57caddbcca0cb695f55d87d0974cc",
    "https://deno.land/x/endofunctor@v0.0.87/components/http/src/queries/filter.ts": "0ed40c6b762310cf97927751026adddb7259b35b1094b1f50eb9dc9a4f860173",
    "https://deno.land/x/endofunctor@v0.0.87/components/http/src/queries/finder.ts": "695a54acd03c25dc9753bcbe93aabedfd7a1be6216487168e64427d40f22f6af",
    "https://deno.land/x/endofunctor@v0.0.87/components/http/src/queries/main.ts": "b81d6cb907ac6df00e65f5ff18a98345a9c18a031ac5e38ba44b84148a88776f",
    "https://deno.land/x/endofunctor@v0.0.87/components/http/src/queries/unique.ts": "75937667560eb498d1a5fb7b1b088cc5e4cf94c6663bc71b8bcc4e3f2f3e2d35",
    "https://deno.land/x/endofunctor@v0.0.87/components/http/src/util/badMethod.ts": "c0aadda9ec7c1a287f62b46e9ce8b3f3818ff08ed5a3920c5fec4b9fb50d755f",
    "https://deno.land/x/endofunctor@v0.0.87/components/http/src/util/elements.ts": "0971a0f84ab3ecaf1390dc881a3bc353b797f1aeabe45840abfb46471fc93ece",
    "https://deno.land/x/endofunctor@v0.0.87/components/http/src/util/mime.ts": "05d686d061e082d6886e9c35a0f6b967c3a8990aaa062f6d89acb8e807d68e10",
    "https://deno.land/x/endofunctor@v0.0.87/components/http/src/util/notFound.ts": "614c739b00d9d91014fe4e1013920182991ec94ef8c927faaf3f8eae8a69d7cb",
    "https://deno.land/x/endofunctor@v0.0.87/components/http/types.ts": "7d30129d5e56b8527e1c454587398fbb6d6e0e88fadf6548120f275abbd462c0",
    "https://deno.land/x/endofunctor@v0.0.87/components/jwt/signSha256.mjs": "3ef94f87cd625978f495ff6e64f9de1f979fb379578418283ba945c314f6c7ae",
    "https://deno.land/x/endofunctor@v0.0.87/components/jwt/src/sign/sha256.mjs": "a1cb8b9ec034b27cbb8808c600a54247d48922ac7d5b9abb404ee5d70e304c5d",
    "https://deno.land/x/endofunctor@v0.0.87/components/jwt/src/verify/sha256.mjs": "3410c5f10fcb86a2cc04872358ddd84f08f8f18462f532f30777d6d162411126",
    "https://deno.land/x/endofunctor@v0.0.87/components/jwt/verifySha256.mjs": "3df29e9f9e80dd7eaca9d005a3119135bd6b0d7a5c558cec697ca72945e8a6e0",
    "https://deno.land/x/endofunctor@v0.0.87/components/runtime/name.mjs": "a973975d4389ff9dd4ffc8cdd88bced57c62b5775d91fa4f0cc1a242cc853d4e",
    "https://deno.land/x/endofunctor@v0.0.87/components/util/joiner.mjs": "2612ef682f466b9a33e1e44687bc8eddb5ad44b2bf7e01f33588b315e856fa46",
    "https://deno.land/x/endofunctor@v0.0.87/main.ts": "fe830a2ac7252bfcee45590d5661e74da06ef04893e2d3ea940b4f96be2921b3"
  },
  "workspace": {
    "packageJson": {
      "dependencies": [
        "npm:@types/bun@^1.0.4",
        "npm:vixeny@^0.0.884"
      ]
    }
  }
}
